{
	"name": "@cloudcannon/gadget",
	"version": "0.0.0",
	"lockfileVersion": 3,
	"requires": true,
	"packages": {
		"": {
			"name": "@cloudcannon/gadget",
			"version": "0.0.0",
			"license": "MIT",
			"dependencies": {
				"@iarna/toml": "^2.2.5",
				"@sindresorhus/slugify": "^3.0.0",
				"fastest-levenshtein": "^1.0.16",
				"he": "^1.2.0",
				"js-yaml": "^4.1.1"
			},
			"devDependencies": {
				"@biomejs/biome": "2.4.8",
				"@cloudcannon/configuration-types": "0.0.54",
				"@types/he": "^1.2.3",
				"@types/js-yaml": "^4.0.9",
				"@types/node": "^25.3.0",
				"typescript": "^5.9.3"
			}
		},
		"node_modules/@biomejs/biome": {
			"version": "2.4.8",
			"resolved": "https://registry.npmjs.org/@biomejs/biome/-/biome-2.4.8.tgz",
			"integrity": "sha512-ponn0oKOky1oRXBV+rlSaUlixUxf1aZvWC19Z41zBfUOUesthrQqL3OtiAlSB1EjFjyWpn98Q64DHelhA6jNlA==",
			"dev": true,
			"license": "MIT OR Apache-2.0",
			"bin": {
				"biome": "bin/biome"
			},
			"engines": {
				"node": ">=14.21.3"
			},
			"funding": {
				"type": "opencollective",
				"url": "https://opencollective.com/biome"
			},
			"optionalDependencies": {
				"@biomejs/cli-darwin-arm64": "2.4.8",
				"@biomejs/cli-darwin-x64": "2.4.8",
				"@biomejs/cli-linux-arm64": "2.4.8",
				"@biomejs/cli-linux-arm64-musl": "2.4.8",
				"@biomejs/cli-linux-x64": "2.4.8",
				"@biomejs/cli-linux-x64-musl": "2.4.8",
				"@biomejs/cli-win32-arm64": "2.4.8",
				"@biomejs/cli-win32-x64": "2.4.8"
			}
		},
		"node_modules/@biomejs/cli-darwin-arm64": {
			"version": "2.4.8",
			"resolved": "https://registry.npmjs.org/@biomejs/cli-darwin-arm64/-/cli-darwin-arm64-2.4.8.tgz",
			"integrity": "sha512-ARx0tECE8I7S2C2yjnWYLNbBdDoPdq3oyNLhMglmuctThwUsuzFWRKrHmIGwIRWKz0Mat9DuzLEDp52hGnrxGQ==",
			"cpu": [
				"arm64"
			],
			"dev": true,
			"license": "MIT OR Apache-2.0",
			"optional": true,
			"os": [
				"darwin"
			],
			"engines": {
				"node": ">=14.21.3"
			}
		},
		"node_modules/@biomejs/cli-darwin-x64": {
			"version": "2.4.8",
			"resolved": "https://registry.npmjs.org/@biomejs/cli-darwin-x64/-/cli-darwin-x64-2.4.8.tgz",
			"integrity": "sha512-Jg9/PsB9vDCJlANE8uhG7qDhb5w0Ix69D7XIIc8IfZPUoiPrbLm33k2Ig3NOJ/7nb3UbesFz3D1aDKm9DvzjhQ==",
			"cpu": [
				"x64"
			],
			"dev": true,
			"license": "MIT OR Apache-2.0",
			"optional": true,
			"os": [
				"darwin"
			],
			"engines": {
				"node": ">=14.21.3"
			}
		},
		"node_modules/@biomejs/cli-linux-arm64": {
			"version": "2.4.8",
			"resolved": "https://registry.npmjs.org/@biomejs/cli-linux-arm64/-/cli-linux-arm64-2.4.8.tgz",
			"integrity": "sha512-5CdrsJct76XG2hpKFwXnEtlT1p+4g4yV+XvvwBpzKsTNLO9c6iLlAxwcae2BJ7ekPGWjNGw9j09T5KGPKKxQig==",
			"cpu": [
				"arm64"
			],
			"dev": true,
			"license": "MIT OR Apache-2.0",
			"optional": true,
			"os": [
				"linux"
			],
			"engines": {
				"node": ">=14.21.3"
			}
		},
		"node_modules/@biomejs/cli-linux-arm64-musl": {
			"version": "2.4.8",
			"resolved": "https://registry.npmjs.org/@biomejs/cli-linux-arm64-musl/-/cli-linux-arm64-musl-2.4.8.tgz",
			"integrity": "sha512-Zo9OhBQDJ3IBGPlqHiTISloo5H0+FBIpemqIJdW/0edJ+gEcLR+MZeZozcUyz3o1nXkVA7++DdRKQT0599j9jA==",
			"cpu": [
				"arm64"
			],
			"dev": true,
			"license": "MIT OR Apache-2.0",
			"optional": true,
			"os": [
				"linux"
			],
			"engines": {
				"node": ">=14.21.3"
			}
		},
		"node_modules/@biomejs/cli-linux-x64": {
			"version": "2.4.8",
			"resolved": "https://registry.npmjs.org/@biomejs/cli-linux-x64/-/cli-linux-x64-2.4.8.tgz",
			"integrity": "sha512-PdKXspVEaMCQLjtZCn6vfSck/li4KX9KGwSDbZdgIqlrizJ2MnMcE3TvHa2tVfXNmbjMikzcfJpuPWH695yJrw==",
			"cpu": [
				"x64"
			],
			"dev": true,
			"license": "MIT OR Apache-2.0",
			"optional": true,
			"os": [
				"linux"
			],
			"engines": {
				"node": ">=14.21.3"
			}
		},
		"node_modules/@biomejs/cli-linux-x64-musl": {
			"version": "2.4.8",
			"resolved": "https://registry.npmjs.org/@biomejs/cli-linux-x64-musl/-/cli-linux-x64-musl-2.4.8.tgz",
			"integrity": "sha512-Gi8quv8MEuDdKaPFtS2XjEnMqODPsRg6POT6KhoP+VrkNb+T2ywunVB+TvOU0LX1jAZzfBr+3V1mIbBhzAMKvw==",
			"cpu": [
				"x64"
			],
			"dev": true,
			"license": "MIT OR Apache-2.0",
			"optional": true,
			"os": [
				"linux"
			],
			"engines": {
				"node": ">=14.21.3"
			}
		},
		"node_modules/@biomejs/cli-win32-arm64": {
			"version": "2.4.8",
			"resolved": "https://registry.npmjs.org/@biomejs/cli-win32-arm64/-/cli-win32-arm64-2.4.8.tgz",
			"integrity": "sha512-LoFatS0tnHv6KkCVpIy3qZCih+MxUMvdYiPWLHRri7mhi2vyOOs8OrbZBcLTUEWCS+ktO72nZMy4F96oMhkOHQ==",
			"cpu": [
				"arm64"
			],
			"dev": true,
			"license": "MIT OR Apache-2.0",
			"optional": true,
			"os": [
				"win32"
			],
			"engines": {
				"node": ">=14.21.3"
			}
		},
		"node_modules/@biomejs/cli-win32-x64": {
			"version": "2.4.8",
			"resolved": "https://registry.npmjs.org/@biomejs/cli-win32-x64/-/cli-win32-x64-2.4.8.tgz",
			"integrity": "sha512-vAn7iXDoUbqFXqVocuq1sMYAd33p8+mmurqJkWl6CtIhobd/O6moe4rY5AJvzbunn/qZCdiDVcveqtkFh1e7Hg==",
			"cpu": [
				"x64"
			],
			"dev": true,
			"license": "MIT OR Apache-2.0",
			"optional": true,
			"os": [
				"win32"
			],
			"engines": {
				"node": ">=14.21.3"
			}
		},
		"node_modules/@cloudcannon/configuration-types": {
			"version": "0.0.54",
			"resolved": "https://registry.npmjs.org/@cloudcannon/configuration-types/-/configuration-types-0.0.54.tgz",
			"integrity": "sha512-vi1gXM6ucK1HGELbf2jaE2rYfRyC935lvKWNa7zxbnBKUvCMgGPC47lTfcPRAgl2bRz5RXmuLGILMqs8Wapq6w==",
			"dev": true,
			"license": "MIT",
			"dependencies": {
				"zod": "^4.3.6"
			}
		},
		"node_modules/@iarna/toml": {
			"version": "2.2.5",
			"resolved": "https://registry.npmjs.org/@iarna/toml/-/toml-2.2.5.tgz",
			"integrity": "sha512-trnsAYxU3xnS1gPHPyU961coFyLkh4gAD/0zQ5mymY4yOZ+CYvsPqUbOFSw0aDM4y0tV7tiFxL/1XfXPNC6IPg=="
		},
		"node_modules/@sindresorhus/slugify": {
			"version": "3.0.0",
			"resolved": "https://registry.npmjs.org/@sindresorhus/slugify/-/slugify-3.0.0.tgz",
			"integrity": "sha512-SCrKh1zS96q+CuH5GumHcyQEVPsM4Ve8oE0E6tw7AAhGq50K8ojbTUOQnX/j9Mhcv/AXiIsbCfquovyGOo5fGw==",
			"license": "MIT",
			"dependencies": {
				"@sindresorhus/transliterate": "^2.0.0",
				"escape-string-regexp": "^5.0.0"
			},
			"engines": {
				"node": ">=20"
			},
			"funding": {
				"url": "https://github.com/sponsors/sindresorhus"
			}
		},
		"node_modules/@sindresorhus/transliterate": {
			"version": "2.0.0",
			"resolved": "https://registry.npmjs.org/@sindresorhus/transliterate/-/transliterate-2.0.0.tgz",
			"integrity": "sha512-lRx63oCHxeJ90DqIgmbxH1PQmiBDY1wVaLzB4hK0d/xS5BrG1iZO3HdCJS/DQJk6GJ8xHDev8OMI7iGxvE1ZUA==",
			"license": "MIT",
			"engines": {
				"node": ">=20"
			},
			"funding": {
				"url": "https://github.com/sponsors/sindresorhus"
			}
		},
		"node_modules/@types/he": {
			"version": "1.2.3",
			"resolved": "https://registry.npmjs.org/@types/he/-/he-1.2.3.tgz",
			"integrity": "sha512-q67/qwlxblDzEDvzHhVkwc1gzVWxaNxeyHUBF4xElrvjL11O+Ytze+1fGpBHlr/H9myiBUaUXNnNPmBHxxfAcA==",
			"dev": true
		},
		"node_modules/@types/js-yaml": {
			"version": "4.0.9",
			"resolved": "https://registry.npmjs.org/@types/js-yaml/-/js-yaml-4.0.9.tgz",
			"integrity": "sha512-k4MGaQl5TGo/iipqb2UDG2UwjXziSWkh0uysQelTlJpX1qGlpUZYm8PnO4DxG1qBomtJUdYJ6qR6xdIah10JLg==",
			"dev": true
		},
		"node_modules/@types/node": {
			"version": "25.5.0",
			"resolved": "https://registry.npmjs.org/@types/node/-/node-25.5.0.tgz",
			"integrity": "sha512-jp2P3tQMSxWugkCUKLRPVUpGaL5MVFwF8RDuSRztfwgN1wmqJeMSbKlnEtQqU8UrhTmzEmZdu2I6v2dpp7XIxw==",
			"dev": true,
			"license": "MIT",
			"dependencies": {
				"undici-types": "~7.18.0"
			}
		},
		"node_modules/argparse": {
			"version": "2.0.1",
			"resolved": "https://registry.npmjs.org/argparse/-/argparse-2.0.1.tgz",
			"integrity": "sha512-8+9WqebbFzpX9OR+Wa6O29asIogeRMzcGtAINdpMHHyAg10f05aSFVBbcEqGf/PXw1EjAZ+q2/bEBg3DvurK3Q=="
		},
		"node_modules/escape-string-regexp": {
			"version": "5.0.0",
			"resolved": "https://registry.npmjs.org/escape-string-regexp/-/escape-string-regexp-5.0.0.tgz",
			"integrity": "sha512-/veY75JbMK4j1yjvuUxuVsiS/hr/4iHs9FTT6cgTexxdE0Ly/glccBAkloH/DofkjRbZU3bnoj38mOmhkZ0lHw==",
			"license": "MIT",
			"engines": {
				"node": ">=12"
			},
			"funding": {
				"url": "https://github.com/sponsors/sindresorhus"
			}
		},
		"node_modules/fastest-levenshtein": {
			"version": "1.0.16",
			"resolved": "https://registry.npmjs.org/fastest-levenshtein/-/fastest-levenshtein-1.0.16.tgz",
			"integrity": "sha512-eRnCtTTtGZFpQCwhJiUOuxPQWRXVKYDn0b2PeHfXL6/Zi53SLAzAHfVhVWK2AryC/WH05kGfxhFIPvTF0SXQzg==",
			"license": "MIT",
			"engines": {
				"node": ">= 4.9.1"
			}
		},
		"node_modules/he": {
			"version": "1.2.0",
			"resolved": "https://registry.npmjs.org/he/-/he-1.2.0.tgz",
			"integrity": "sha512-F/1DnUGPopORZi0ni+CvrCgHQ5FyEAHRLSApuYWMmrbSwoN2Mn/7k+Gl38gJnR7yyDZk6WLXwiGod1JOWNDKGw==",
			"bin": {
				"he": "bin/he"
			}
		},
		"node_modules/js-yaml": {
			"version": "4.1.1",
			"resolved": "https://registry.npmjs.org/js-yaml/-/js-yaml-4.1.1.tgz",
			"integrity": "sha512-qQKT4zQxXl8lLwBtHMWwaTcGfFOZviOJet3Oy/xmGk2gZH677CJM9EvtfdSkgWcATZhj/55JZ0rmy3myCT5lsA==",
			"license": "MIT",
			"dependencies": {
				"argparse": "^2.0.1"
			},
			"bin": {
				"js-yaml": "bin/js-yaml.js"
			}
		},
		"node_modules/typescript": {
			"version": "5.9.3",
			"resolved": "https://registry.npmjs.org/typescript/-/typescript-5.9.3.tgz",
			"integrity": "sha512-jl1vZzPDinLr9eUt3J/t7V6FgNEw9QjvBPdysz9KfQDD41fQrC2Y4vKQdiaUpFT4bXlb1RHhLpp8wtm6M5TgSw==",
			"dev": true,
			"license": "Apache-2.0",
			"bin": {
				"tsc": "bin/tsc",
				"tsserver": "bin/tsserver"
			},
			"engines": {
				"node": ">=14.17"
			}
		},
		"node_modules/undici-types": {
			"version": "7.18.2",
			"resolved": "https://registry.npmjs.org/undici-types/-/undici-types-7.18.2.tgz",
			"integrity": "sha512-AsuCzffGHJybSaRrmr5eHr81mwJU3kjw6M+uprWvCXiNeN9SOGwQ3Jn8jb8m3Z6izVgknn1R0FTCEAP2QrLY/w==",
			"dev": true,
			"license": "MIT"
		},
		"node_modules/zod": {
			"version": "4.3.6",
			"resolved": "https://registry.npmjs.org/zod/-/zod-4.3.6.tgz",
			"integrity": "sha512-rftlrkhHZOcjDwkGlnUtZZkvaPHCsDATp4pGpuOOMDaTdDDXF91wuVDJoWoPsKX/3YPQ5fHuF3STjcYyKr+Qhg==",
			"dev": true,
			"license": "MIT",
			"funding": {
				"url": "https://github.com/sponsors/colinhacks"
			}
		}
	}
}
