{
	"name": "@cloudcannon/gadget",
	"version": "0.0.0",
	"lockfileVersion": 3,
	"requires": true,
	"packages": {
		"": {
			"name": "@cloudcannon/gadget",
			"version": "0.0.0",
			"license": "MIT",
			"dependencies": {
				"@clack/prompts": "^1.1.0",
				"@iarna/toml": "^2.2.5",
				"@sindresorhus/slugify": "^3.0.0",
				"fastest-levenshtein": "^1.0.16",
				"fdir": "^6.5.0",
				"he": "^1.2.0",
				"js-yaml": "^4.1.1"
			},
			"devDependencies": {
				"@biomejs/biome": "2.4.4",
				"@cloudcannon/configuration-types": "0.0.53",
				"@types/he": "^1.2.3",
				"@types/js-yaml": "^4.0.9",
				"@types/node": "^25.3.0",
				"typescript": "^5.9.3"
			}
		},
		"node_modules/@biomejs/biome": {
			"version": "2.4.4",
			"resolved": "https://registry.npmjs.org/@biomejs/biome/-/biome-2.4.4.tgz",
			"integrity": "sha512-tigwWS5KfJf0cABVd52NVaXyAVv4qpUXOWJ1rxFL8xF1RVoeS2q/LK+FHgYoKMclJCuRoCWAPy1IXaN9/mS61Q==",
			"dev": true,
			"license": "MIT OR Apache-2.0",
			"bin": {
				"biome": "bin/biome"
			},
			"engines": {
				"node": ">=14.21.3"
			},
			"funding": {
				"type": "opencollective",
				"url": "https://opencollective.com/biome"
			},
			"optionalDependencies": {
				"@biomejs/cli-darwin-arm64": "2.4.4",
				"@biomejs/cli-darwin-x64": "2.4.4",
				"@biomejs/cli-linux-arm64": "2.4.4",
				"@biomejs/cli-linux-arm64-musl": "2.4.4",
				"@biomejs/cli-linux-x64": "2.4.4",
				"@biomejs/cli-linux-x64-musl": "2.4.4",
				"@biomejs/cli-win32-arm64": "2.4.4",
				"@biomejs/cli-win32-x64": "2.4.4"
			}
		},
		"node_modules/@biomejs/cli-darwin-arm64": {
			"version": "2.4.4",
			"resolved": "https://registry.npmjs.org/@biomejs/cli-darwin-arm64/-/cli-darwin-arm64-2.4.4.tgz",
			"integrity": "sha512-jZ+Xc6qvD6tTH5jM6eKX44dcbyNqJHssfl2nnwT6vma6B1sj7ZLTGIk6N5QwVBs5xGN52r3trk5fgd3sQ9We9A==",
			"cpu": [
				"arm64"
			],
			"dev": true,
			"license": "MIT OR Apache-2.0",
			"optional": true,
			"os": [
				"darwin"
			],
			"engines": {
				"node": ">=14.21.3"
			}
		},
		"node_modules/@biomejs/cli-darwin-x64": {
			"version": "2.4.4",
			"resolved": "https://registry.npmjs.org/@biomejs/cli-darwin-x64/-/cli-darwin-x64-2.4.4.tgz",
			"integrity": "sha512-Dh1a/+W+SUCXhEdL7TiX3ArPTFCQKJTI1mGncZNWfO+6suk+gYA4lNyJcBB+pwvF49uw0pEbUS49BgYOY4hzUg==",
			"cpu": [
				"x64"
			],
			"dev": true,
			"license": "MIT OR Apache-2.0",
			"optional": true,
			"os": [
				"darwin"
			],
			"engines": {
				"node": ">=14.21.3"
			}
		},
		"node_modules/@biomejs/cli-linux-arm64": {
			"version": "2.4.4",
			"resolved": "https://registry.npmjs.org/@biomejs/cli-linux-arm64/-/cli-linux-arm64-2.4.4.tgz",
			"integrity": "sha512-V/NFfbWhsUU6w+m5WYbBenlEAz8eYnSqRMDMAW3K+3v0tYVkNyZn8VU0XPxk/lOqNXLSCCrV7FmV/u3SjCBShg==",
			"cpu": [
				"arm64"
			],
			"dev": true,
			"license": "MIT OR Apache-2.0",
			"optional": true,
			"os": [
				"linux"
			],
			"engines": {
				"node": ">=14.21.3"
			}
		},
		"node_modules/@biomejs/cli-linux-arm64-musl": {
			"version": "2.4.4",
			"resolved": "https://registry.npmjs.org/@biomejs/cli-linux-arm64-musl/-/cli-linux-arm64-musl-2.4.4.tgz",
			"integrity": "sha512-+sPAXq3bxmFwhVFJnSwkSF5Rw2ZAJMH3MF6C9IveAEOdSpgajPhoQhbbAK12SehN9j2QrHpk4J/cHsa/HqWaYQ==",
			"cpu": [
				"arm64"
			],
			"dev": true,
			"license": "MIT OR Apache-2.0",
			"optional": true,
			"os": [
				"linux"
			],
			"engines": {
				"node": ">=14.21.3"
			}
		},
		"node_modules/@biomejs/cli-linux-x64": {
			"version": "2.4.4",
			"resolved": "https://registry.npmjs.org/@biomejs/cli-linux-x64/-/cli-linux-x64-2.4.4.tgz",
			"integrity": "sha512-R4+ZCDtG9kHArasyBO+UBD6jr/FcFCTH8QkNTOCu0pRJzCWyWC4EtZa2AmUZB5h3e0jD7bRV2KvrENcf8rndBg==",
			"cpu": [
				"x64"
			],
			"dev": true,
			"license": "MIT OR Apache-2.0",
			"optional": true,
			"os": [
				"linux"
			],
			"engines": {
				"node": ">=14.21.3"
			}
		},
		"node_modules/@biomejs/cli-linux-x64-musl": {
			"version": "2.4.4",
			"resolved": "https://registry.npmjs.org/@biomejs/cli-linux-x64-musl/-/cli-linux-x64-musl-2.4.4.tgz",
			"integrity": "sha512-gGvFTGpOIQDb5CQ2VC0n9Z2UEqlP46c4aNgHmAMytYieTGEcfqhfCFnhs6xjt0S3igE6q5GLuIXtdQt3Izok+g==",
			"cpu": [
				"x64"
			],
			"dev": true,
			"license": "MIT OR Apache-2.0",
			"optional": true,
			"os": [
				"linux"
			],
			"engines": {
				"node": ">=14.21.3"
			}
		},
		"node_modules/@biomejs/cli-win32-arm64": {
			"version": "2.4.4",
			"resolved": "https://registry.npmjs.org/@biomejs/cli-win32-arm64/-/cli-win32-arm64-2.4.4.tgz",
			"integrity": "sha512-trzCqM7x+Gn832zZHgr28JoYagQNX4CZkUZhMUac2YxvvyDRLJDrb5m9IA7CaZLlX6lTQmADVfLEKP1et1Ma4Q==",
			"cpu": [
				"arm64"
			],
			"dev": true,
			"license": "MIT OR Apache-2.0",
			"optional": true,
			"os": [
				"win32"
			],
			"engines": {
				"node": ">=14.21.3"
			}
		},
		"node_modules/@biomejs/cli-win32-x64": {
			"version": "2.4.4",
			"resolved": "https://registry.npmjs.org/@biomejs/cli-win32-x64/-/cli-win32-x64-2.4.4.tgz",
			"integrity": "sha512-gnOHKVPFAAPrpoPt2t+Q6FZ7RPry/FDV3GcpU53P3PtLNnQjBmKyN2Vh/JtqXet+H4pme8CC76rScwdjDcT1/A==",
			"cpu": [
				"x64"
			],
			"dev": true,
			"license": "MIT OR Apache-2.0",
			"optional": true,
			"os": [
				"win32"
			],
			"engines": {
				"node": ">=14.21.3"
			}
		},
		"node_modules/@clack/core": {
			"version": "1.1.0",
			"resolved": "https://registry.npmjs.org/@clack/core/-/core-1.1.0.tgz",
			"integrity": "sha512-SVcm4Dqm2ukn64/8Gub2wnlA5nS2iWJyCkdNHcvNHPIeBTGojpdJ+9cZKwLfmqy7irD4N5qLteSilJlE0WLAtA==",
			"license": "MIT",
			"dependencies": {
				"sisteransi": "^1.0.5"
			}
		},
		"node_modules/@clack/prompts": {
			"version": "1.1.0",
			"resolved": "https://registry.npmjs.org/@clack/prompts/-/prompts-1.1.0.tgz",
			"integrity": "sha512-pkqbPGtohJAvm4Dphs2M8xE29ggupihHdy1x84HNojZuMtFsHiUlRvqD24tM2+XmI+61LlfNceM3Wr7U5QES5g==",
			"license": "MIT",
			"dependencies": {
				"@clack/core": "1.1.0",
				"sisteransi": "^1.0.5"
			}
		},
		"node_modules/@cloudcannon/configuration-types": {
			"version": "0.0.53",
			"resolved": "https://registry.npmjs.org/@cloudcannon/configuration-types/-/configuration-types-0.0.53.tgz",
			"integrity": "sha512-mR9jI9IdIlz/aeg4yUl4OAif1e0AQ/R29a0QMJCtvJAVI5+jTDSupXckzcQ1bVo7KgMlYgD+2PRotWr58dTvhg==",
			"dev": true,
			"license": "MIT",
			"dependencies": {
				"zod": "^4.1.13"
			}
		},
		"node_modules/@iarna/toml": {
			"version": "2.2.5",
			"resolved": "https://registry.npmjs.org/@iarna/toml/-/toml-2.2.5.tgz",
			"integrity": "sha512-trnsAYxU3xnS1gPHPyU961coFyLkh4gAD/0zQ5mymY4yOZ+CYvsPqUbOFSw0aDM4y0tV7tiFxL/1XfXPNC6IPg=="
		},
		"node_modules/@sindresorhus/slugify": {
			"version": "3.0.0",
			"resolved": "https://registry.npmjs.org/@sindresorhus/slugify/-/slugify-3.0.0.tgz",
			"integrity": "sha512-SCrKh1zS96q+CuH5GumHcyQEVPsM4Ve8oE0E6tw7AAhGq50K8ojbTUOQnX/j9Mhcv/AXiIsbCfquovyGOo5fGw==",
			"license": "MIT",
			"dependencies": {
				"@sindresorhus/transliterate": "^2.0.0",
				"escape-string-regexp": "^5.0.0"
			},
			"engines": {
				"node": ">=20"
			},
			"funding": {
				"url": "https://github.com/sponsors/sindresorhus"
			}
		},
		"node_modules/@sindresorhus/transliterate": {
			"version": "2.0.0",
			"resolved": "https://registry.npmjs.org/@sindresorhus/transliterate/-/transliterate-2.0.0.tgz",
			"integrity": "sha512-lRx63oCHxeJ90DqIgmbxH1PQmiBDY1wVaLzB4hK0d/xS5BrG1iZO3HdCJS/DQJk6GJ8xHDev8OMI7iGxvE1ZUA==",
			"license": "MIT",
			"engines": {
				"node": ">=20"
			},
			"funding": {
				"url": "https://github.com/sponsors/sindresorhus"
			}
		},
		"node_modules/@types/he": {
			"version": "1.2.3",
			"resolved": "https://registry.npmjs.org/@types/he/-/he-1.2.3.tgz",
			"integrity": "sha512-q67/qwlxblDzEDvzHhVkwc1gzVWxaNxeyHUBF4xElrvjL11O+Ytze+1fGpBHlr/H9myiBUaUXNnNPmBHxxfAcA==",
			"dev": true
		},
		"node_modules/@types/js-yaml": {
			"version": "4.0.9",
			"resolved": "https://registry.npmjs.org/@types/js-yaml/-/js-yaml-4.0.9.tgz",
			"integrity": "sha512-k4MGaQl5TGo/iipqb2UDG2UwjXziSWkh0uysQelTlJpX1qGlpUZYm8PnO4DxG1qBomtJUdYJ6qR6xdIah10JLg==",
			"dev": true
		},
		"node_modules/@types/node": {
			"version": "25.3.0",
			"resolved": "https://registry.npmjs.org/@types/node/-/node-25.3.0.tgz",
			"integrity": "sha512-4K3bqJpXpqfg2XKGK9bpDTc6xO/xoUP/RBWS7AtRMug6zZFaRekiLzjVtAoZMquxoAbzBvy5nxQ7veS5eYzf8A==",
			"dev": true,
			"license": "MIT",
			"dependencies": {
				"undici-types": "~7.18.0"
			}
		},
		"node_modules/argparse": {
			"version": "2.0.1",
			"resolved": "https://registry.npmjs.org/argparse/-/argparse-2.0.1.tgz",
			"integrity": "sha512-8+9WqebbFzpX9OR+Wa6O29asIogeRMzcGtAINdpMHHyAg10f05aSFVBbcEqGf/PXw1EjAZ+q2/bEBg3DvurK3Q=="
		},
		"node_modules/escape-string-regexp": {
			"version": "5.0.0",
			"resolved": "https://registry.npmjs.org/escape-string-regexp/-/escape-string-regexp-5.0.0.tgz",
			"integrity": "sha512-/veY75JbMK4j1yjvuUxuVsiS/hr/4iHs9FTT6cgTexxdE0Ly/glccBAkloH/DofkjRbZU3bnoj38mOmhkZ0lHw==",
			"license": "MIT",
			"engines": {
				"node": ">=12"
			},
			"funding": {
				"url": "https://github.com/sponsors/sindresorhus"
			}
		},
		"node_modules/fastest-levenshtein": {
			"version": "1.0.16",
			"resolved": "https://registry.npmjs.org/fastest-levenshtein/-/fastest-levenshtein-1.0.16.tgz",
			"integrity": "sha512-eRnCtTTtGZFpQCwhJiUOuxPQWRXVKYDn0b2PeHfXL6/Zi53SLAzAHfVhVWK2AryC/WH05kGfxhFIPvTF0SXQzg==",
			"license": "MIT",
			"engines": {
				"node": ">= 4.9.1"
			}
		},
		"node_modules/fdir": {
			"version": "6.5.0",
			"resolved": "https://registry.npmjs.org/fdir/-/fdir-6.5.0.tgz",
			"integrity": "sha512-tIbYtZbucOs0BRGqPJkshJUYdL+SDH7dVM8gjy+ERp3WAUjLEFJE+02kanyHtwjWOnwrKYBiwAmM0p4kLJAnXg==",
			"license": "MIT",
			"engines": {
				"node": ">=12.0.0"
			},
			"peerDependencies": {
				"picomatch": "^3 || ^4"
			},
			"peerDependenciesMeta": {
				"picomatch": {
					"optional": true
				}
			}
		},
		"node_modules/he": {
			"version": "1.2.0",
			"resolved": "https://registry.npmjs.org/he/-/he-1.2.0.tgz",
			"integrity": "sha512-F/1DnUGPopORZi0ni+CvrCgHQ5FyEAHRLSApuYWMmrbSwoN2Mn/7k+Gl38gJnR7yyDZk6WLXwiGod1JOWNDKGw==",
			"bin": {
				"he": "bin/he"
			}
		},
		"node_modules/js-yaml": {
			"version": "4.1.1",
			"resolved": "https://registry.npmjs.org/js-yaml/-/js-yaml-4.1.1.tgz",
			"integrity": "sha512-qQKT4zQxXl8lLwBtHMWwaTcGfFOZviOJet3Oy/xmGk2gZH677CJM9EvtfdSkgWcATZhj/55JZ0rmy3myCT5lsA==",
			"license": "MIT",
			"dependencies": {
				"argparse": "^2.0.1"
			},
			"bin": {
				"js-yaml": "bin/js-yaml.js"
			}
		},
		"node_modules/sisteransi": {
			"version": "1.0.5",
			"resolved": "https://registry.npmjs.org/sisteransi/-/sisteransi-1.0.5.tgz",
			"integrity": "sha512-bLGGlR1QxBcynn2d5YmDX4MGjlZvy2MRBDRNHLJ8VI6l6+9FUiyTFNJ0IveOSP0bcXgVDPRcfGqA0pjaqUpfVg==",
			"license": "MIT"
		},
		"node_modules/typescript": {
			"version": "5.9.3",
			"resolved": "https://registry.npmjs.org/typescript/-/typescript-5.9.3.tgz",
			"integrity": "sha512-jl1vZzPDinLr9eUt3J/t7V6FgNEw9QjvBPdysz9KfQDD41fQrC2Y4vKQdiaUpFT4bXlb1RHhLpp8wtm6M5TgSw==",
			"dev": true,
			"license": "Apache-2.0",
			"bin": {
				"tsc": "bin/tsc",
				"tsserver": "bin/tsserver"
			},
			"engines": {
				"node": ">=14.17"
			}
		},
		"node_modules/undici-types": {
			"version": "7.18.2",
			"resolved": "https://registry.npmjs.org/undici-types/-/undici-types-7.18.2.tgz",
			"integrity": "sha512-AsuCzffGHJybSaRrmr5eHr81mwJU3kjw6M+uprWvCXiNeN9SOGwQ3Jn8jb8m3Z6izVgknn1R0FTCEAP2QrLY/w==",
			"dev": true,
			"license": "MIT"
		},
		"node_modules/zod": {
			"version": "4.2.1",
			"resolved": "https://registry.npmjs.org/zod/-/zod-4.2.1.tgz",
			"integrity": "sha512-0wZ1IRqGGhMP76gLqz8EyfBXKk0J2qo2+H3fi4mcUP/KtTocoX08nmIAHl1Z2kJIZbZee8KOpBCSNPRgauucjw==",
			"dev": true,
			"license": "MIT",
			"funding": {
				"url": "https://github.com/sponsors/colinhacks"
			}
		}
	}
}
